
Microsoft Visual Studio Solution File, Format Version 12.00
# Visual Studio 14
VisualStudioVersion = 14.0.25420.1
MinimumVisualStudioVersion = 10.0.40219.1
Project("{FAE04EC0-301F-11D3-BF4B-00C04F79EFBC}") = "HoloLensVideoCaptureExample", "HoloLensVideoCaptureExample\HoloLensVideoCaptureExample.csproj", "{13A45C13-3265-47B8-BC48-A553B569DF55}"
EndProject
Project("{FAE04EC0-301F-11D3-BF4B-00C04F79EFBC}") = "Assembly-CSharp", "C:\Users\pardi\Documents\ARTSST\Pardip\HoloPlugin\UWP\GeneratedProjects\UWP\Assembly-CSharp\Assembly-CSharp.csproj", "{219B2E27-BC31-4A2A-9608-3FF7C796BA85}"
EndProject
Project("{FAE04EC0-301F-11D3-BF4B-00C04F79EFBC}") = "Assembly-CSharp-firstpass", "C:\Users\pardi\Documents\ARTSST\Pardip\HoloPlugin\UWP\GeneratedProjects\UWP\Assembly-CSharp-firstpass\Assembly-CSharp-firstpass.csproj", "{D8235A1C-B60D-4484-AC5D-CB6485D3B081}"
EndProject
Global
	GlobalSection(SolutionConfigurationPlatforms) = preSolution
		Debug|ARM = Debug|ARM
		Debug|x64 = Debug|x64
		Debug|x86 = Debug|x86
		Master|ARM = Master|ARM
		Master|x64 = Master|x64
		Master|x86 = Master|x86
		Release|ARM = Release|ARM
		Release|x64 = Release|x64
		Release|x86 = Release|x86
	EndGlobalSection
	GlobalSection(ProjectConfigurationPlatforms) = postSolution
		{13A45C13-3265-47B8-BC48-A553B569DF55}.Debug|ARM.ActiveCfg = Debug|ARM
		{13A45C13-3265-47B8-BC48-A553B569DF55}.Debug|ARM.Build.0 = Debug|ARM
		{13A45C13-3265-47B8-BC48-A553B569DF55}.Debug|ARM.Deploy.0 = Debug|ARM
		{13A45C13-3265-47B8-BC48-A553B569DF55}.Debug|x64.ActiveCfg = Debug|x64
		{13A45C13-3265-47B8-BC48-A553B569DF55}.Debug|x64.Build.0 = Debug|x64
		{13A45C13-3265-47B8-BC48-A553B569DF55}.Debug|x64.Deploy.0 = Debug|x64
		{13A45C13-3265-47B8-BC48-A553B569DF55}.Debug|x86.ActiveCfg = Debug|x86
		{13A45C13-3265-47B8-BC48-A553B569DF55}.Debug|x86.Build.0 = Debug|x86
		{13A45C13-3265-47B8-BC48-A553B569DF55}.Debug|x86.Deploy.0 = Debug|x86
		{13A45C13-3265-47B8-BC48-A553B569DF55}.Master|ARM.ActiveCfg = Master|ARM
		{13A45C13-3265-47B8-BC48-A553B569DF55}.Master|ARM.Build.0 = Master|ARM
		{13A45C13-3265-47B8-BC48-A553B569DF55}.Master|ARM.Deploy.0 = Master|ARM
		{13A45C13-3265-47B8-BC48-A553B569DF55}.Master|x64.ActiveCfg = Master|x64
		{13A45C13-3265-47B8-BC48-A553B569DF55}.Master|x64.Build.0 = Master|x64
		{13A45C13-3265-47B8-BC48-A553B569DF55}.Master|x64.Deploy.0 = Master|x64
		{13A45C13-3265-47B8-BC48-A553B569DF55}.Master|x86.ActiveCfg = Master|x86
		{13A45C13-3265-47B8-BC48-A553B569DF55}.Master|x86.Build.0 = Master|x86
		{13A45C13-3265-47B8-BC48-A553B569DF55}.Master|x86.Deploy.0 = Master|x86
		{13A45C13-3265-47B8-BC48-A553B569DF55}.Release|ARM.ActiveCfg = Release|ARM
		{13A45C13-3265-47B8-BC48-A553B569DF55}.Release|ARM.Build.0 = Release|ARM
		{13A45C13-3265-47B8-BC48-A553B569DF55}.Release|ARM.Deploy.0 = Release|ARM
		{13A45C13-3265-47B8-BC48-A553B569DF55}.Release|x64.ActiveCfg = Release|x64
		{13A45C13-3265-47B8-BC48-A553B569DF55}.Release|x64.Build.0 = Release|x64
		{13A45C13-3265-47B8-BC48-A553B569DF55}.Release|x64.Deploy.0 = Release|x64
		{13A45C13-3265-47B8-BC48-A553B569DF55}.Release|x86.ActiveCfg = Release|x86
		{13A45C13-3265-47B8-BC48-A553B569DF55}.Release|x86.Build.0 = Release|x86
		{13A45C13-3265-47B8-BC48-A553B569DF55}.Release|x86.Deploy.0 = Release|x86
		{219B2E27-BC31-4A2A-9608-3FF7C796BA85}.Debug|ARM.ActiveCfg = Debug|ARM
		{219B2E27-BC31-4A2A-9608-3FF7C796BA85}.Debug|ARM.Build.0 = Debug|ARM
		{219B2E27-BC31-4A2A-9608-3FF7C796BA85}.Debug|x64.ActiveCfg = Debug|x64
		{219B2E27-BC31-4A2A-9608-3FF7C796BA85}.Debug|x64.Build.0 = Debug|x64
		{219B2E27-BC31-4A2A-9608-3FF7C796BA85}.Debug|x86.ActiveCfg = Debug|x86
		{219B2E27-BC31-4A2A-9608-3FF7C796BA85}.Debug|x86.Build.0 = Debug|x86
		{219B2E27-BC31-4A2A-9608-3FF7C796BA85}.Master|ARM.ActiveCfg = Master|ARM
		{219B2E27-BC31-4A2A-9608-3FF7C796BA85}.Master|ARM.Build.0 = Master|ARM
		{219B2E27-BC31-4A2A-9608-3FF7C796BA85}.Master|x64.ActiveCfg = Master|x64
		{219B2E27-BC31-4A2A-9608-3FF7C796BA85}.Master|x64.Build.0 = Master|x64
		{219B2E27-BC31-4A2A-9608-3FF7C796BA85}.Master|x86.ActiveCfg = Master|x86
		{219B2E27-BC31-4A2A-9608-3FF7C796BA85}.Master|x86.Build.0 = Master|x86
		{219B2E27-BC31-4A2A-9608-3FF7C796BA85}.Release|ARM.ActiveCfg = Release|ARM
		{219B2E27-BC31-4A2A-9608-3FF7C796BA85}.Release|ARM.Build.0 = Release|ARM
		{219B2E27-BC31-4A2A-9608-3FF7C796BA85}.Release|x64.ActiveCfg = Release|x64
		{219B2E27-BC31-4A2A-9608-3FF7C796BA85}.Release|x64.Build.0 = Release|x64
		{219B2E27-BC31-4A2A-9608-3FF7C796BA85}.Release|x86.ActiveCfg = Release|x86
		{219B2E27-BC31-4A2A-9608-3FF7C796BA85}.Release|x86.Build.0 = Release|x86
		{D8235A1C-B60D-4484-AC5D-CB6485D3B081}.Debug|ARM.ActiveCfg = Debug|ARM
		{D8235A1C-B60D-4484-AC5D-CB6485D3B081}.Debug|ARM.Build.0 = Debug|ARM
		{D8235A1C-B60D-4484-AC5D-CB6485D3B081}.Debug|x64.ActiveCfg = Debug|x64
		{D8235A1C-B60D-4484-AC5D-CB6485D3B081}.Debug|x64.Build.0 = Debug|x64
		{D8235A1C-B60D-4484-AC5D-CB6485D3B081}.Debug|x86.ActiveCfg = Debug|x86
		{D8235A1C-B60D-4484-AC5D-CB6485D3B081}.Debug|x86.Build.0 = Debug|x86
		{D8235A1C-B60D-4484-AC5D-CB6485D3B081}.Master|ARM.ActiveCfg = Master|ARM
		{D8235A1C-B60D-4484-AC5D-CB6485D3B081}.Master|ARM.Build.0 = Master|ARM
		{D8235A1C-B60D-4484-AC5D-CB6485D3B081}.Master|x64.ActiveCfg = Master|x64
		{D8235A1C-B60D-4484-AC5D-CB6485D3B081}.Master|x64.Build.0 = Master|x64
		{D8235A1C-B60D-4484-AC5D-CB6485D3B081}.Master|x86.ActiveCfg = Master|x86
		{D8235A1C-B60D-4484-AC5D-CB6485D3B081}.Master|x86.Build.0 = Master|x86
		{D8235A1C-B60D-4484-AC5D-CB6485D3B081}.Release|ARM.ActiveCfg = Release|ARM
		{D8235A1C-B60D-4484-AC5D-CB6485D3B081}.Release|ARM.Build.0 = Release|ARM
		{D8235A1C-B60D-4484-AC5D-CB6485D3B081}.Release|x64.ActiveCfg = Release|x64
		{D8235A1C-B60D-4484-AC5D-CB6485D3B081}.Release|x64.Build.0 = Release|x64
		{D8235A1C-B60D-4484-AC5D-CB6485D3B081}.Release|x86.ActiveCfg = Release|x86
		{D8235A1C-B60D-4484-AC5D-CB6485D3B081}.Release|x86.Build.0 = Release|x86
	EndGlobalSection
	GlobalSection(SolutionProperties) = preSolution
		HideSolutionNode = FALSE
	EndGlobalSection
EndGlobal
